
Microsoft Visual Studio Solution File, Format Version 12.00
# Visual Studio Version 17
VisualStudioVersion = 17.9.34728.123
MinimumVisualStudioVersion = 10.0.40219.1
Project("{9A19103F-16F7-4668-BE54-9A1E7A4F7556}") = "PlaygroundApi", "PlaygroundApi\PlaygroundApi.csproj", "{320FB846-1EC3-4F14-B36A-58D6953981F4}"
EndProject
Project("{FAE04EC0-301F-11D3-BF4B-00C04F79EFBC}") = "AadTokenTool", "AadTokenTool\AadTokenTool.csproj", "{54D60CBD-6D16-45FB-9E6E-AB3215DDB00B}"
EndProject
Global
	GlobalSection(SolutionConfigurationPlatforms) = preSolution
		Debug|Any CPU = Debug|Any CPU
		Release|Any CPU = Release|Any CPU
	EndGlobalSection
	GlobalSection(ProjectConfigurationPlatforms) = postSolution
		{320FB846-1EC3-4F14-B36A-58D6953981F4}.Debug|Any CPU.ActiveCfg = Debug|Any CPU
		{320FB846-1EC3-4F14-B36A-58D6953981F4}.Debug|Any CPU.Build.0 = Debug|Any CPU
		{320FB846-1EC3-4F14-B36A-58D6953981F4}.Release|Any CPU.ActiveCfg = Release|Any CPU
		{320FB846-1EC3-4F14-B36A-58D6953981F4}.Release|Any CPU.Build.0 = Release|Any CPU
		{54D60CBD-6D16-45FB-9E6E-AB3215DDB00B}.Debug|Any CPU.ActiveCfg = Debug|Any CPU
		{54D60CBD-6D16-45FB-9E6E-AB3215DDB00B}.Debug|Any CPU.Build.0 = Debug|Any CPU
		{54D60CBD-6D16-45FB-9E6E-AB3215DDB00B}.Release|Any CPU.ActiveCfg = Release|Any CPU
		{54D60CBD-6D16-45FB-9E6E-AB3215DDB00B}.Release|Any CPU.Build.0 = Release|Any CPU
	EndGlobalSection
	GlobalSection(SolutionProperties) = preSolution
		HideSolutionNode = FALSE
	EndGlobalSection
	GlobalSection(ExtensibilityGlobals) = postSolution
		SolutionGuid = {5450A398-7C3F-4964-AA23-29E96347BDA6}
	EndGlobalSection
EndGlobal
